
Microsoft Visual Studio Solution File, Format Version 12.00
# Visual Studio Version 17
VisualStudioVersion = 17.6.33829.357
MinimumVisualStudioVersion = 10.0.40219.1
Project("{FAE04EC0-301F-11D3-BF4B-00C04F79EFBC}") = "DuAnControler", "DuAn1\DuAnControler.csproj", "{C7354F9E-4EAE-46A2-A2E8-16D0AE0DC66A}"
EndProject
Global
	GlobalSection(SolutionConfigurationPlatforms) = preSolution
		Debug|Any CPU = Debug|Any CPU
		Release|Any CPU = Release|Any CPU
	EndGlobalSection
	GlobalSection(ProjectConfigurationPlatforms) = postSolution
		{C7354F9E-4EAE-46A2-A2E8-16D0AE0DC66A}.Debug|Any CPU.ActiveCfg = Debug|Any CPU
		{C7354F9E-4EAE-46A2-A2E8-16D0AE0DC66A}.Debug|Any CPU.Build.0 = Debug|Any CPU
		{C7354F9E-4EAE-46A2-A2E8-16D0AE0DC66A}.Release|Any CPU.ActiveCfg = Release|Any CPU
		{C7354F9E-4EAE-46A2-A2E8-16D0AE0DC66A}.Release|Any CPU.Build.0 = Release|Any CPU
	EndGlobalSection
	GlobalSection(SolutionProperties) = preSolution
		HideSolutionNode = FALSE
	EndGlobalSection
	GlobalSection(ExtensibilityGlobals) = postSolution
		SolutionGuid = {A840385F-F7A3-4AE6-908C-1228D4BD21EB}
	EndGlobalSection
EndGlobal
